// !$*UTF8*$!
{
	archiveVersion = 1;
	classes = {
	};
	objectVersion = 48;
	objects = {

/* Begin PBXBuildFile section */
		C558842420D9EF0C0044ABD6 /* AppDelegate.swift in Sources */ = {isa = PBXBuildFile; fileRef = C558842320D9EF0C0044ABD6 /* AppDelegate.swift */; };
		C558842B20D9EF0C0044ABD6 /* Assets.xcassets in Resources */ = {isa = PBXBuildFile; fileRef = C558842A20D9EF0C0044ABD6 /* Assets.xcassets */; };
		C558842E20D9EF0C0044ABD6 /* LaunchScreen.storyboard in Resources */ = {isa = PBXBuildFile; fileRef = C558842C20D9EF0C0044ABD6 /* LaunchScreen.storyboard */; };
		C558843920D9EF0C0044ABD6 /* Spotify_CalendarTests.swift in Sources */ = {isa = PBXBuildFile; fileRef = C558843820D9EF0C0044ABD6 /* Spotify_CalendarTests.swift */; };
		C558844420DA229E0044ABD6 /* MonthView.swift in Sources */ = {isa = PBXBuildFile; fileRef = C558844320DA229E0044ABD6 /* MonthView.swift */; };
		C558844620DA383A0044ABD6 /* WeekView.swift in Sources */ = {isa = PBXBuildFile; fileRef = C558844520DA383A0044ABD6 /* WeekView.swift */; };
		C558844A20DA4DA50044ABD6 /* CalendarViewController.swift in Sources */ = {isa = PBXBuildFile; fileRef = C558844920DA4DA50044ABD6 /* CalendarViewController.swift */; };
		C558844C20DAD5B90044ABD6 /* DateCollectionViewCell.swift in Sources */ = {isa = PBXBuildFile; fileRef = C558844B20DAD5B90044ABD6 /* DateCollectionViewCell.swift */; };
		C558844E20DB1EC80044ABD6 /* Date_Extension.swift in Sources */ = {isa = PBXBuildFile; fileRef = C558844D20DB1EC80044ABD6 /* Date_Extension.swift */; };
		C558845020DB1F790044ABD6 /* String_Extension.swift in Sources */ = {isa = PBXBuildFile; fileRef = C558844F20DB1F790044ABD6 /* String_Extension.swift */; };
		C57474F020E1B26400B156EC /* CalendarView_Delegate.swift in Sources */ = {isa = PBXBuildFile; fileRef = C57474EF20E1B26400B156EC /* CalendarView_Delegate.swift */; };
		C5E4406020E1D22E00665CDB /* AddEventsViewController.swift in Sources */ = {isa = PBXBuildFile; fileRef = C5E4405F20E1D22E00665CDB /* AddEventsViewController.swift */; };
		C5E4406220E1D96500665CDB /* AddEventView.swift in Sources */ = {isa = PBXBuildFile; fileRef = C5E4406120E1D96500665CDB /* AddEventView.swift */; };
		C5E4406420E2435900665CDB /* APIRequestManager.swift in Sources */ = {isa = PBXBuildFile; fileRef = C5E4406320E2435900665CDB /* APIRequestManager.swift */; };
		C5E4406620E243E700665CDB /* EventAPIClient.swift in Sources */ = {isa = PBXBuildFile; fileRef = C5E4406520E243E700665CDB /* EventAPIClient.swift */; };
		C5E4406820E2442E00665CDB /* Event.swift in Sources */ = {isa = PBXBuildFile; fileRef = C5E4406720E2442E00665CDB /* Event.swift */; };
		C5E4407120E2C15300665CDB /* EventsTableViewCell.swift in Sources */ = {isa = PBXBuildFile; fileRef = C5E4407020E2C15300665CDB /* EventsTableViewCell.swift */; };
		C5E4407320E3D59A00665CDB /* DailyEventsTableViewController.swift in Sources */ = {isa = PBXBuildFile; fileRef = C5E4407220E3D59A00665CDB /* DailyEventsTableViewController.swift */; };
/* End PBXBuildFile section */

/* Begin PBXContainerItemProxy section */
		C558843520D9EF0C0044ABD6 /* PBXContainerItemProxy */ = {
			isa = PBXContainerItemProxy;
			containerPortal = C558841820D9EF0B0044ABD6 /* Project object */;
			proxyType = 1;
			remoteGlobalIDString = C558841F20D9EF0B0044ABD6;
			remoteInfo = Spotify_Calendar;
		};
/* End PBXContainerItemProxy section */

/* Begin PBXFileReference section */
		C558842020D9EF0C0044ABD6 /* Spotify_Calendar.app */ = {isa = PBXFileReference; explicitFileType = wrapper.application; includeInIndex = 0; path = Spotify_Calendar.app; sourceTree = BUILT_PRODUCTS_DIR; };
		C558842320D9EF0C0044ABD6 /* AppDelegate.swift */ = {isa = PBXFileReference; lastKnownFileType = sourcecode.swift; path = AppDelegate.swift; sourceTree = "<group>"; };
		C558842A20D9EF0C0044ABD6 /* Assets.xcassets */ = {isa = PBXFileReference; lastKnownFileType = folder.assetcatalog; path = Assets.xcassets; sourceTree = "<group>"; };
		C558842D20D9EF0C0044ABD6 /* Base */ = {isa = PBXFileReference; lastKnownFileType = file.storyboard; name = Base; path = Base.lproj/LaunchScreen.storyboard; sourceTree = "<group>"; };
		C558842F20D9EF0C0044ABD6 /* Info.plist */ = {isa = PBXFileReference; lastKnownFileType = text.plist.xml; path = Info.plist; sourceTree = "<group>"; };
		C558843420D9EF0C0044ABD6 /* Spotify_CalendarTests.xctest */ = {isa = PBXFileReference; explicitFileType = wrapper.cfbundle; includeInIndex = 0; path = Spotify_CalendarTests.xctest; sourceTree = BUILT_PRODUCTS_DIR; };
		C558843820D9EF0C0044ABD6 /* Spotify_CalendarTests.swift */ = {isa = PBXFileReference; lastKnownFileType = sourcecode.swift; path = Spotify_CalendarTests.swift; sourceTree = "<group>"; };
		C558843A20D9EF0C0044ABD6 /* Info.plist */ = {isa = PBXFileReference; lastKnownFileType = text.plist.xml; path = Info.plist; sourceTree = "<group>"; };
		C558844320DA229E0044ABD6 /* MonthView.swift */ = {isa = PBXFileReference; lastKnownFileType = sourcecode.swift; path = MonthView.swift; sourceTree = "<group>"; };
		C558844520DA383A0044ABD6 /* WeekView.swift */ = {isa = PBXFileReference; lastKnownFileType = sourcecode.swift; path = WeekView.swift; sourceTree = "<group>"; };
		C558844920DA4DA50044ABD6 /* CalendarViewController.swift */ = {isa = PBXFileReference; lastKnownFileType = sourcecode.swift; path = CalendarViewController.swift; sourceTree = "<group>"; };
		C558844B20DAD5B90044ABD6 /* DateCollectionViewCell.swift */ = {isa = PBXFileReference; lastKnownFileType = sourcecode.swift; path = DateCollectionViewCell.swift; sourceTree = "<group>"; };
		C558844D20DB1EC80044ABD6 /* Date_Extension.swift */ = {isa = PBXFileReference; lastKnownFileType = sourcecode.swift; path = Date_Extension.swift; sourceTree = "<group>"; };
		C558844F20DB1F790044ABD6 /* String_Extension.swift */ = {isa = PBXFileReference; lastKnownFileType = sourcecode.swift; path = String_Extension.swift; sourceTree = "<group>"; };
		C57474EF20E1B26400B156EC /* CalendarView_Delegate.swift */ = {isa = PBXFileReference; lastKnownFileType = sourcecode.swift; path = CalendarView_Delegate.swift; sourceTree = "<group>"; };
		C5E4405F20E1D22E00665CDB /* AddEventsViewController.swift */ = {isa = PBXFileReference; lastKnownFileType = sourcecode.swift; path = AddEventsViewController.swift; sourceTree = "<group>"; };
		C5E4406120E1D96500665CDB /* AddEventView.swift */ = {isa = PBXFileReference; lastKnownFileType = sourcecode.swift; path = AddEventView.swift; sourceTree = "<group>"; };
		C5E4406320E2435900665CDB /* APIRequestManager.swift */ = {isa = PBXFileReference; lastKnownFileType = sourcecode.swift; path = APIRequestManager.swift; sourceTree = "<group>"; };
		C5E4406520E243E700665CDB /* EventAPIClient.swift */ = {isa = PBXFileReference; lastKnownFileType = sourcecode.swift; path = EventAPIClient.swift; sourceTree = "<group>"; };
		C5E4406720E2442E00665CDB /* Event.swift */ = {isa = PBXFileReference; lastKnownFileType = sourcecode.swift; path = Event.swift; sourceTree = "<group>"; };
		C5E4407020E2C15300665CDB /* EventsTableViewCell.swift */ = {isa = PBXFileReference; lastKnownFileType = sourcecode.swift; path = EventsTableViewCell.swift; sourceTree = "<group>"; };
		C5E4407220E3D59A00665CDB /* DailyEventsTableViewController.swift */ = {isa = PBXFileReference; lastKnownFileType = sourcecode.swift; path = DailyEventsTableViewController.swift; sourceTree = "<group>"; };
/* End PBXFileReference section */

/* Begin PBXFrameworksBuildPhase section */
		C558841D20D9EF0B0044ABD6 /* Frameworks */ = {
			isa = PBXFrameworksBuildPhase;
			buildActionMask = 2147483647;
			files = (
			);
			runOnlyForDeploymentPostprocessing = 0;
		};
		C558843120D9EF0C0044ABD6 /* Frameworks */ = {
			isa = PBXFrameworksBuildPhase;
			buildActionMask = 2147483647;
			files = (
			);
			runOnlyForDeploymentPostprocessing = 0;
		};
/* End PBXFrameworksBuildPhase section */

/* Begin PBXGroup section */
		C558841720D9EF0B0044ABD6 = {
			isa = PBXGroup;
			children = (
				C558842220D9EF0C0044ABD6 /* Spotify_Calendar */,
				C558843720D9EF0C0044ABD6 /* Spotify_CalendarTests */,
				C558842120D9EF0C0044ABD6 /* Products */,
			);
			sourceTree = "<group>";
		};
		C558842120D9EF0C0044ABD6 /* Products */ = {
			isa = PBXGroup;
			children = (
				C558842020D9EF0C0044ABD6 /* Spotify_Calendar.app */,
				C558843420D9EF0C0044ABD6 /* Spotify_CalendarTests.xctest */,
			);
			name = Products;
			sourceTree = "<group>";
		};
		C558842220D9EF0C0044ABD6 /* Spotify_Calendar */ = {
			isa = PBXGroup;
			children = (
				C5E4406E20E289DE00665CDB /* extenstions */,
				C5E4406C20E2897B00665CDB /* models */,
				C5E4406B20E2891E00665CDB /* network */,
				C5E4406A20E288C100665CDB /* viewControllers */,
				C5E4406920E2885000665CDB /* views */,
				C5E4406F20E2908E00665CDB /* supportingFiles */,
				C558842F20D9EF0C0044ABD6 /* Info.plist */,
			);
			path = Spotify_Calendar;
			sourceTree = "<group>";
		};
		C558843720D9EF0C0044ABD6 /* Spotify_CalendarTests */ = {
			isa = PBXGroup;
			children = (
				C558843820D9EF0C0044ABD6 /* Spotify_CalendarTests.swift */,
				C558843A20D9EF0C0044ABD6 /* Info.plist */,
			);
			path = Spotify_CalendarTests;
			sourceTree = "<group>";
		};
		C5E4406920E2885000665CDB /* views */ = {
			isa = PBXGroup;
			children = (
				C5E4406D20E289C900665CDB /* cells */,
				C558844320DA229E0044ABD6 /* MonthView.swift */,
				C558844520DA383A0044ABD6 /* WeekView.swift */,
				C5E4406120E1D96500665CDB /* AddEventView.swift */,
			);
			path = views;
			sourceTree = "<group>";
		};
		C5E4406A20E288C100665CDB /* viewControllers */ = {
			isa = PBXGroup;
			children = (
				C5E4405F20E1D22E00665CDB /* AddEventsViewController.swift */,
				C57474EF20E1B26400B156EC /* CalendarView_Delegate.swift */,
				C558844920DA4DA50044ABD6 /* CalendarViewController.swift */,
				C5E4407220E3D59A00665CDB /* DailyEventsTableViewController.swift */,
			);
			path = viewControllers;
			sourceTree = "<group>";
		};
		C5E4406B20E2891E00665CDB /* network */ = {
			isa = PBXGroup;
			children = (
				C5E4406320E2435900665CDB /* APIRequestManager.swift */,
				C5E4406520E243E700665CDB /* EventAPIClient.swift */,
			);
			path = network;
			sourceTree = "<group>";
		};
		C5E4406C20E2897B00665CDB /* models */ = {
			isa = PBXGroup;
			children = (
				C5E4406720E2442E00665CDB /* Event.swift */,
			);
			path = models;
			sourceTree = "<group>";
		};
		C5E4406D20E289C900665CDB /* cells */ = {
			isa = PBXGroup;
			children = (
				C558844B20DAD5B90044ABD6 /* DateCollectionViewCell.swift */,
				C5E4407020E2C15300665CDB /* EventsTableViewCell.swift */,
			);
			path = cells;
			sourceTree = "<group>";
		};
		C5E4406E20E289DE00665CDB /* extenstions */ = {
			isa = PBXGroup;
			children = (
				C558844F20DB1F790044ABD6 /* String_Extension.swift */,
				C558844D20DB1EC80044ABD6 /* Date_Extension.swift */,
			);
			path = extenstions;
			sourceTree = "<group>";
		};
		C5E4406F20E2908E00665CDB /* supportingFiles */ = {
			isa = PBXGroup;
			children = (
				C558842320D9EF0C0044ABD6 /* AppDelegate.swift */,
				C558842A20D9EF0C0044ABD6 /* Assets.xcassets */,
				C558842C20D9EF0C0044ABD6 /* LaunchScreen.storyboard */,
			);
			path = supportingFiles;
			sourceTree = "<group>";
		};
/* End PBXGroup section */

/* Begin PBXNativeTarget section */
		C558841F20D9EF0B0044ABD6 /* Spotify_Calendar */ = {
			isa = PBXNativeTarget;
			buildConfigurationList = C558843D20D9EF0C0044ABD6 /* Build configuration list for PBXNativeTarget "Spotify_Calendar" */;
			buildPhases = (
				C558841C20D9EF0B0044ABD6 /* Sources */,
				C558841D20D9EF0B0044ABD6 /* Frameworks */,
				C558841E20D9EF0B0044ABD6 /* Resources */,
			);
			buildRules = (
			);
			dependencies = (
			);
			name = Spotify_Calendar;
			productName = Spotify_Calendar;
			productReference = C558842020D9EF0C0044ABD6 /* Spotify_Calendar.app */;
			productType = "com.apple.product-type.application";
		};
		C558843320D9EF0C0044ABD6 /* Spotify_CalendarTests */ = {
			isa = PBXNativeTarget;
			buildConfigurationList = C558844020D9EF0C0044ABD6 /* Build configuration list for PBXNativeTarget "Spotify_CalendarTests" */;
			buildPhases = (
				C558843020D9EF0C0044ABD6 /* Sources */,
				C558843120D9EF0C0044ABD6 /* Frameworks */,
				C558843220D9EF0C0044ABD6 /* Resources */,
			);
			buildRules = (
			);
			dependencies = (
				C558843620D9EF0C0044ABD6 /* PBXTargetDependency */,
			);
			name = Spotify_CalendarTests;
			productName = Spotify_CalendarTests;
			productReference = C558843420D9EF0C0044ABD6 /* Spotify_CalendarTests.xctest */;
			productType = "com.apple.product-type.bundle.unit-test";
		};
/* End PBXNativeTarget section */

/* Begin PBXProject section */
		C558841820D9EF0B0044ABD6 /* Project object */ = {
			isa = PBXProject;
			attributes = {
				LastSwiftUpdateCheck = 0920;
				LastUpgradeCheck = 0940;
				ORGANIZATIONNAME = "Karen Fuentes";
				TargetAttributes = {
					C558841F20D9EF0B0044ABD6 = {
						CreatedOnToolsVersion = 9.2;
						ProvisioningStyle = Automatic;
					};
					C558843320D9EF0C0044ABD6 = {
						CreatedOnToolsVersion = 9.2;
						ProvisioningStyle = Automatic;
						TestTargetID = C558841F20D9EF0B0044ABD6;
					};
				};
			};
			buildConfigurationList = C558841B20D9EF0B0044ABD6 /* Build configuration list for PBXProject "Spotify_Calendar" */;
			compatibilityVersion = "Xcode 8.0";
			developmentRegion = en;
			hasScannedForEncodings = 0;
			knownRegions = (
				en,
				Base,
			);
			mainGroup = C558841720D9EF0B0044ABD6;
			productRefGroup = C558842120D9EF0C0044ABD6 /* Products */;
			projectDirPath = "";
			projectRoot = "";
			targets = (
				C558841F20D9EF0B0044ABD6 /* Spotify_Calendar */,
				C558843320D9EF0C0044ABD6 /* Spotify_CalendarTests */,
			);
		};
/* End PBXProject section */

/* Begin PBXResourcesBuildPhase section */
		C558841E20D9EF0B0044ABD6 /* Resources */ = {
			isa = PBXResourcesBuildPhase;
			buildActionMask = 2147483647;
			files = (
				C558842E20D9EF0C0044ABD6 /* LaunchScreen.storyboard in Resources */,
				C558842B20D9EF0C0044ABD6 /* Assets.xcassets in Resources */,
			);
			runOnlyForDeploymentPostprocessing = 0;
		};
		C558843220D9EF0C0044ABD6 /* Resources */ = {
			isa = PBXResourcesBuildPhase;
			buildActionMask = 2147483647;
			files = (
			);
			runOnlyForDeploymentPostprocessing = 0;
		};
/* End PBXResourcesBuildPhase section */

/* Begin PBXSourcesBuildPhase section */
		C558841C20D9EF0B0044ABD6 /* Sources */ = {
			isa = PBXSourcesBuildPhase;
			buildActionMask = 2147483647;
			files = (
				C5E4406020E1D22E00665CDB /* AddEventsViewController.swift in Sources */,
				C558844620DA383A0044ABD6 /* WeekView.swift in Sources */,
				C558844E20DB1EC80044ABD6 /* Date_Extension.swift in Sources */,
				C5E4406220E1D96500665CDB /* AddEventView.swift in Sources */,
				C5E4406820E2442E00665CDB /* Event.swift in Sources */,
				C558844A20DA4DA50044ABD6 /* CalendarViewController.swift in Sources */,
				C5E4406420E2435900665CDB /* APIRequestManager.swift in Sources */,
				C57474F020E1B26400B156EC /* CalendarView_Delegate.swift in Sources */,
				C558845020DB1F790044ABD6 /* String_Extension.swift in Sources */,
				C558844420DA229E0044ABD6 /* MonthView.swift in Sources */,
				C558842420D9EF0C0044ABD6 /* AppDelegate.swift in Sources */,
				C5E4406620E243E700665CDB /* EventAPIClient.swift in Sources */,
				C5E4407120E2C15300665CDB /* EventsTableViewCell.swift in Sources */,
				C558844C20DAD5B90044ABD6 /* DateCollectionViewCell.swift in Sources */,
				C5E4407320E3D59A00665CDB /* DailyEventsTableViewController.swift in Sources */,
			);
			runOnlyForDeploymentPostprocessing = 0;
		};
		C558843020D9EF0C0044ABD6 /* Sources */ = {
			isa = PBXSourcesBuildPhase;
			buildActionMask = 2147483647;
			files = (
				C558843920D9EF0C0044ABD6 /* Spotify_CalendarTests.swift in Sources */,
			);
			runOnlyForDeploymentPostprocessing = 0;
		};
/* End PBXSourcesBuildPhase section */

/* Begin PBXTargetDependency section */
		C558843620D9EF0C0044ABD6 /* PBXTargetDependency */ = {
			isa = PBXTargetDependency;
			target = C558841F20D9EF0B0044ABD6 /* Spotify_Calendar */;
			targetProxy = C558843520D9EF0C0044ABD6 /* PBXContainerItemProxy */;
		};
/* End PBXTargetDependency section */

/* Begin PBXVariantGroup section */
		C558842C20D9EF0C0044ABD6 /* LaunchScreen.storyboard */ = {
			isa = PBXVariantGroup;
			children = (
				C558842D20D9EF0C0044ABD6 /* Base */,
			);
			name = LaunchScreen.storyboard;
			sourceTree = "<group>";
		};
/* End PBXVariantGroup section */

/* Begin XCBuildConfiguration section */
		C558843B20D9EF0C0044ABD6 /* Debug */ = {
			isa = XCBuildConfiguration;
			buildSettings = {
				ALWAYS_SEARCH_USER_PATHS = NO;
				CLANG_ANALYZER_NONNULL = YES;
				CLANG_ANALYZER_NUMBER_OBJECT_CONVERSION = YES_AGGRESSIVE;
				CLANG_CXX_LANGUAGE_STANDARD = "gnu++14";
				CLANG_CXX_LIBRARY = "libc++";
				CLANG_ENABLE_MODULES = YES;
				CLANG_ENABLE_OBJC_ARC = YES;
				CLANG_WARN_BLOCK_CAPTURE_AUTORELEASING = YES;
				CLANG_WARN_BOOL_CONVERSION = YES;
				CLANG_WARN_COMMA = YES;
				CLANG_WARN_CONSTANT_CONVERSION = YES;
				CLANG_WARN_DEPRECATED_OBJC_IMPLEMENTATIONS = YES;
				CLANG_WARN_DIRECT_OBJC_ISA_USAGE = YES_ERROR;
				CLANG_WARN_DOCUMENTATION_COMMENTS = YES;
				CLANG_WARN_EMPTY_BODY = YES;
				CLANG_WARN_ENUM_CONVERSION = YES;
				CLANG_WARN_INFINITE_RECURSION = YES;
				CLANG_WARN_INT_CONVERSION = YES;
				CLANG_WARN_NON_LITERAL_NULL_CONVERSION = YES;
				CLANG_WARN_OBJC_IMPLICIT_RETAIN_SELF = YES;
				CLANG_WARN_OBJC_LITERAL_CONVERSION = YES;
				CLANG_WARN_OBJC_ROOT_CLASS = YES_ERROR;
				CLANG_WARN_RANGE_LOOP_ANALYSIS = YES;
				CLANG_WARN_STRICT_PROTOTYPES = YES;
				CLANG_WARN_SUSPICIOUS_MOVE = YES;
				CLANG_WARN_UNGUARDED_AVAILABILITY = YES_AGGRESSIVE;
				CLANG_WARN_UNREACHABLE_CODE = YES;
				CLANG_WARN__DUPLICATE_METHOD_MATCH = YES;
				CODE_SIGN_IDENTITY = "iPhone Developer";
				COPY_PHASE_STRIP = NO;
				DEBUG_INFORMATION_FORMAT = dwarf;
				ENABLE_STRICT_OBJC_MSGSEND = YES;
				ENABLE_TESTABILITY = YES;
				GCC_C_LANGUAGE_STANDARD = gnu11;
				GCC_DYNAMIC_NO_PIC = NO;
				GCC_NO_COMMON_BLOCKS = YES;
				GCC_OPTIMIZATION_LEVEL = 0;
				GCC_PREPROCESSOR_DEFINITIONS = (
					"DEBUG=1",
					"$(inherited)",
				);
				GCC_WARN_64_TO_32_BIT_CONVERSION = YES;
				GCC_WARN_ABOUT_RETURN_TYPE = YES_ERROR;
				GCC_WARN_UNDECLARED_SELECTOR = YES;
				GCC_WARN_UNINITIALIZED_AUTOS = YES_AGGRESSIVE;
				GCC_WARN_UNUSED_FUNCTION = YES;
				GCC_WARN_UNUSED_VARIABLE = YES;
				IPHONEOS_DEPLOYMENT_TARGET = 11.4;
				MTL_ENABLE_DEBUG_INFO = YES;
				ONLY_ACTIVE_ARCH = YES;
				SDKROOT = iphoneos;
				SWIFT_ACTIVE_COMPILATION_CONDITIONS = DEBUG;
				SWIFT_OPTIMIZATION_LEVEL = "-Onone";
			};
			name = Debug;
		};
		C558843C20D9EF0C0044ABD6 /* Release */ = {
			isa = XCBuildConfiguration;
			buildSettings = {
				ALWAYS_SEARCH_USER_PATHS = NO;
				CLANG_ANALYZER_NONNULL = YES;
				CLANG_ANALYZER_NUMBER_OBJECT_CONVERSION = YES_AGGRESSIVE;
				CLANG_CXX_LANGUAGE_STANDARD = "gnu++14";
				CLANG_CXX_LIBRARY = "libc++";
				CLANG_ENABLE_MODULES = YES;
				CLANG_ENABLE_OBJC_ARC = YES;
				CLANG_WARN_BLOCK_CAPTURE_AUTORELEASING = YES;
				CLANG_WARN_BOOL_CONVERSION = YES;
				CLANG_WARN_COMMA = YES;
				CLANG_WARN_CONSTANT_CONVERSION = YES;
				CLANG_WARN_DEPRECATED_OBJC_IMPLEMENTATIONS = YES;
				CLANG_WARN_DIRECT_OBJC_ISA_USAGE = YES_ERROR;
				CLANG_WARN_DOCUMENTATION_COMMENTS = YES;
				CLANG_WARN_EMPTY_BODY = YES;
				CLANG_WARN_ENUM_CONVERSION = YES;
				CLANG_WARN_INFINITE_RECURSION = YES;
				CLANG_WARN_INT_CONVERSION = YES;
				CLANG_WARN_NON_LITERAL_NULL_CONVERSION = YES;
				CLANG_WARN_OBJC_IMPLICIT_RETAIN_SELF = YES;
				CLANG_WARN_OBJC_LITERAL_CONVERSION = YES;
				CLANG_WARN_OBJC_ROOT_CLASS = YES_ERROR;
				CLANG_WARN_RANGE_LOOP_ANALYSIS = YES;
				CLANG_WARN_STRICT_PROTOTYPES = YES;
				CLANG_WARN_SUSPICIOUS_MOVE = YES;
				CLANG_WARN_UNGUARDED_AVAILABILITY = YES_AGGRESSIVE;
				CLANG_WARN_UNREACHABLE_CODE = YES;
				CLANG_WARN__DUPLICATE_METHOD_MATCH = YES;
				CODE_SIGN_IDENTITY = "iPhone Developer";
				COPY_PHASE_STRIP = NO;
				DEBUG_INFORMATION_FORMAT = "dwarf-with-dsym";
				ENABLE_NS_ASSERTIONS = NO;
				ENABLE_STRICT_OBJC_MSGSEND = YES;
				GCC_C_LANGUAGE_STANDARD = gnu11;
				GCC_NO_COMMON_BLOCKS = YES;
				GCC_WARN_64_TO_32_BIT_CONVERSION = YES;
				GCC_WARN_ABOUT_RETURN_TYPE = YES_ERROR;
				GCC_WARN_UNDECLARED_SELECTOR = YES;
				GCC_WARN_UNINITIALIZED_AUTOS = YES_AGGRESSIVE;
				GCC_WARN_UNUSED_FUNCTION = YES;
				GCC_WARN_UNUSED_VARIABLE = YES;
				IPHONEOS_DEPLOYMENT_TARGET = 11.4;
				MTL_ENABLE_DEBUG_INFO = NO;
				SDKROOT = iphoneos;
				SWIFT_OPTIMIZATION_LEVEL = "-Owholemodule";
				VALIDATE_PRODUCT = YES;
			};
			name = Release;
		};
		C558843E20D9EF0C0044ABD6 /* Debug */ = {
			isa = XCBuildConfiguration;
			buildSettings = {
				ASSETCATALOG_COMPILER_APPICON_NAME = AppIcon;
				CODE_SIGN_STYLE = Automatic;
				DEVELOPMENT_TEAM = C8EZKXB7DL;
				INFOPLIST_FILE = Spotify_Calendar/Info.plist;
				IPHONEOS_DEPLOYMENT_TARGET = 11.2;
				LD_RUNPATH_SEARCH_PATHS = "$(inherited) @executable_path/Frameworks";
				PRODUCT_BUNDLE_IDENTIFIER = "com.karen.Spotify-Calendar";
				PRODUCT_NAME = "$(TARGET_NAME)";
				SWIFT_VERSION = 4.0;
				TARGETED_DEVICE_FAMILY = "1,2";
			};
			name = Debug;
		};
		C558843F20D9EF0C0044ABD6 /* Release */ = {
			isa = XCBuildConfiguration;
			buildSettings = {
				ASSETCATALOG_COMPILER_APPICON_NAME = AppIcon;
				CODE_SIGN_STYLE = Automatic;
				DEVELOPMENT_TEAM = C8EZKXB7DL;
				INFOPLIST_FILE = Spotify_Calendar/Info.plist;
				IPHONEOS_DEPLOYMENT_TARGET = 11.2;
				LD_RUNPATH_SEARCH_PATHS = "$(inherited) @executable_path/Frameworks";
				PRODUCT_BUNDLE_IDENTIFIER = "com.karen.Spotify-Calendar";
				PRODUCT_NAME = "$(TARGET_NAME)";
				SWIFT_VERSION = 4.0;
				TARGETED_DEVICE_FAMILY = "1,2";
			};
			name = Release;
		};
		C558844120D9EF0C0044ABD6 /* Debug */ = {
			isa = XCBuildConfiguration;
			buildSettings = {
				ALWAYS_EMBED_SWIFT_STANDARD_LIBRARIES = YES;
				BUNDLE_LOADER = "$(TEST_HOST)";
				CODE_SIGN_STYLE = Automatic;
				DEVELOPMENT_TEAM = C8EZKXB7DL;
				INFOPLIST_FILE = Spotify_CalendarTests/Info.plist;
				LD_RUNPATH_SEARCH_PATHS = "$(inherited) @executable_path/Frameworks @loader_path/Frameworks";
				PRODUCT_BUNDLE_IDENTIFIER = "com.karen.Spotify-CalendarTests";
				PRODUCT_NAME = "$(TARGET_NAME)";
				SWIFT_VERSION = 4.0;
				TARGETED_DEVICE_FAMILY = "1,2";
				TEST_HOST = "$(BUILT_PRODUCTS_DIR)/Spotify_Calendar.app/Spotify_Calendar";
			};
			name = Debug;
		};
		C558844220D9EF0C0044ABD6 /* Release */ = {
			isa = XCBuildConfiguration;
			buildSettings = {
				ALWAYS_EMBED_SWIFT_STANDARD_LIBRARIES = YES;
				BUNDLE_LOADER = "$(TEST_HOST)";
				CODE_SIGN_STYLE = Automatic;
				DEVELOPMENT_TEAM = C8EZKXB7DL;
				INFOPLIST_FILE = Spotify_CalendarTests/Info.plist;
				LD_RUNPATH_SEARCH_PATHS = "$(inherited) @executable_path/Frameworks @loader_path/Frameworks";
				PRODUCT_BUNDLE_IDENTIFIER = "com.karen.Spotify-CalendarTests";
				PRODUCT_NAME = "$(TARGET_NAME)";
				SWIFT_VERSION = 4.0;
				TARGETED_DEVICE_FAMILY = "1,2";
				TEST_HOST = "$(BUILT_PRODUCTS_DIR)/Spotify_Calendar.app/Spotify_Calendar";
			};
			name = Release;
		};
/* End XCBuildConfiguration section */

/* Begin XCConfigurationList section */
		C558841B20D9EF0B0044ABD6 /* Build configuration list for PBXProject "Spotify_Calendar" */ = {
			isa = XCConfigurationList;
			buildConfigurations = (
				C558843B20D9EF0C0044ABD6 /* Debug */,
				C558843C20D9EF0C0044ABD6 /* Release */,
			);
			defaultConfigurationIsVisible = 0;
			defaultConfigurationName = Release;
		};
		C558843D20D9EF0C0044ABD6 /* Build configuration list for PBXNativeTarget "Spotify_Calendar" */ = {
			isa = XCConfigurationList;
			buildConfigurations = (
				C558843E20D9EF0C0044ABD6 /* Debug */,
				C558843F20D9EF0C0044ABD6 /* Release */,
			);
			defaultConfigurationIsVisible = 0;
			defaultConfigurationName = Release;
		};
		C558844020D9EF0C0044ABD6 /* Build configuration list for PBXNativeTarget "Spotify_CalendarTests" */ = {
			isa = XCConfigurationList;
			buildConfigurations = (
				C558844120D9EF0C0044ABD6 /* Debug */,
				C558844220D9EF0C0044ABD6 /* Release */,
			);
			defaultConfigurationIsVisible = 0;
			defaultConfigurationName = Release;
		};
/* End XCConfigurationList section */
	};
	rootObject = C558841820D9EF0B0044ABD6 /* Project object */;
}
